
Microsoft Visual Studio Solution File, Format Version 12.00
# Visual Studio 14
VisualStudioVersion = 14.0.25420.1
MinimumVisualStudioVersion = 10.0.40219.1
Project("{FAE04EC0-301F-11D3-BF4B-00C04F79EFBC}") = "CollisionsSandbox", "CollisionsSandbox\CollisionsSandbox.csproj", "{655C03A0-5B5B-452A-A667-0044BD22A64D}"
EndProject
Project("{FAE04EC0-301F-11D3-BF4B-00C04F79EFBC}") = "MiniEngine", "MiniEngine\MiniEngine.csproj", "{F214BB27-3307-4740-94BB-648023F42C9A}"
EndProject
Global
	GlobalSection(SolutionConfigurationPlatforms) = preSolution
		Debug|Any CPU = Debug|Any CPU
		Debug|x86 = Debug|x86
		Release|Any CPU = Release|Any CPU
		Release|x86 = Release|x86
	EndGlobalSection
	GlobalSection(ProjectConfigurationPlatforms) = postSolution
		{655C03A0-5B5B-452A-A667-0044BD22A64D}.Debug|Any CPU.ActiveCfg = Debug|x86
		{655C03A0-5B5B-452A-A667-0044BD22A64D}.Debug|x86.ActiveCfg = Debug|x86
		{655C03A0-5B5B-452A-A667-0044BD22A64D}.Debug|x86.Build.0 = Debug|x86
		{655C03A0-5B5B-452A-A667-0044BD22A64D}.Release|Any CPU.ActiveCfg = Release|x86
		{655C03A0-5B5B-452A-A667-0044BD22A64D}.Release|x86.ActiveCfg = Release|x86
		{655C03A0-5B5B-452A-A667-0044BD22A64D}.Release|x86.Build.0 = Release|x86
		{F214BB27-3307-4740-94BB-648023F42C9A}.Debug|Any CPU.ActiveCfg = Debug|Any CPU
		{F214BB27-3307-4740-94BB-648023F42C9A}.Debug|Any CPU.Build.0 = Debug|Any CPU
		{F214BB27-3307-4740-94BB-648023F42C9A}.Debug|x86.ActiveCfg = Debug|Any CPU
		{F214BB27-3307-4740-94BB-648023F42C9A}.Debug|x86.Build.0 = Debug|Any CPU
		{F214BB27-3307-4740-94BB-648023F42C9A}.Release|Any CPU.ActiveCfg = Release|Any CPU
		{F214BB27-3307-4740-94BB-648023F42C9A}.Release|Any CPU.Build.0 = Release|Any CPU
		{F214BB27-3307-4740-94BB-648023F42C9A}.Release|x86.ActiveCfg = Release|Any CPU
		{F214BB27-3307-4740-94BB-648023F42C9A}.Release|x86.Build.0 = Release|Any CPU
	EndGlobalSection
	GlobalSection(SolutionProperties) = preSolution
		HideSolutionNode = FALSE
	EndGlobalSection
EndGlobal
